
Microsoft Visual Studio Solution File, Format Version 12.00
# Visual Studio 15
VisualStudioVersion = 15.0.27130.2010
MinimumVisualStudioVersion = 10.0.40219.1
Project("{F2A71F9B-5D33-465A-A702-920D77279786}") = "Weather", "Weather\Weather.fsproj", "{02AC7A5D-12FF-4434-A818-B825CDF61560}"
EndProject
Global
	GlobalSection(SolutionConfigurationPlatforms) = preSolution
		Debug|Any CPU = Debug|Any CPU
		Release|Any CPU = Release|Any CPU
	EndGlobalSection
	GlobalSection(ProjectConfigurationPlatforms) = postSolution
		{02AC7A5D-12FF-4434-A818-B825CDF61560}.Debug|Any CPU.ActiveCfg = Debug|Any CPU
		{02AC7A5D-12FF-4434-A818-B825CDF61560}.Debug|Any CPU.Build.0 = Debug|Any CPU
		{02AC7A5D-12FF-4434-A818-B825CDF61560}.Release|Any CPU.ActiveCfg = Release|Any CPU
		{02AC7A5D-12FF-4434-A818-B825CDF61560}.Release|Any CPU.Build.0 = Release|Any CPU
	EndGlobalSection
	GlobalSection(SolutionProperties) = preSolution
		HideSolutionNode = FALSE
	EndGlobalSection
	GlobalSection(ExtensibilityGlobals) = postSolution
		SolutionGuid = {8D8BCA90-4191-4398-A675-935948BDD6F6}
	EndGlobalSection
EndGlobal
